
Microsoft Visual Studio Solution File, Format Version 12.00
# Visual Studio Version 17
VisualStudioVersion = 17.11.35327.3
MinimumVisualStudioVersion = 10.0.40219.1
Project("{9A19103F-16F7-4668-BE54-9A1E7A4F7556}") = "FunctionalProgramming", "Functional+programming\FunctionalProgramming.csproj", "{8300C2D7-75E3-48A6-B87B-BEC2E6922D4D}"
EndProject
Project("{FAE04EC0-301F-11D3-BF4B-00C04F79EFBC}") = "FunctionalProgramming.Tests", "FunctionalProgramming.Tests\FunctionalProgramming.Tests.csproj", "{ED5605B8-C737-4CDD-9309-4474EE988CF0}"
EndProject
Global
	GlobalSection(SolutionConfigurationPlatforms) = preSolution
		Debug|Any CPU = Debug|Any CPU
		Release|Any CPU = Release|Any CPU
	EndGlobalSection
	GlobalSection(ProjectConfigurationPlatforms) = postSolution
		{8300C2D7-75E3-48A6-B87B-BEC2E6922D4D}.Debug|Any CPU.ActiveCfg = Debug|Any CPU
		{8300C2D7-75E3-48A6-B87B-BEC2E6922D4D}.Debug|Any CPU.Build.0 = Debug|Any CPU
		{8300C2D7-75E3-48A6-B87B-BEC2E6922D4D}.Release|Any CPU.ActiveCfg = Release|Any CPU
		{8300C2D7-75E3-48A6-B87B-BEC2E6922D4D}.Release|Any CPU.Build.0 = Release|Any CPU
		{ED5605B8-C737-4CDD-9309-4474EE988CF0}.Debug|Any CPU.ActiveCfg = Debug|Any CPU
		{ED5605B8-C737-4CDD-9309-4474EE988CF0}.Debug|Any CPU.Build.0 = Debug|Any CPU
		{ED5605B8-C737-4CDD-9309-4474EE988CF0}.Release|Any CPU.ActiveCfg = Release|Any CPU
		{ED5605B8-C737-4CDD-9309-4474EE988CF0}.Release|Any CPU.Build.0 = Release|Any CPU
	EndGlobalSection
	GlobalSection(SolutionProperties) = preSolution
		HideSolutionNode = FALSE
	EndGlobalSection
	GlobalSection(ExtensibilityGlobals) = postSolution
		SolutionGuid = {6819B3E6-37B7-4AD4-9F55-F49E99F142E9}
	EndGlobalSection
EndGlobal
